// !$*UTF8*$!
{
	archiveVersion = 1;
	classes = {
	};
	objectVersion = 50;
	objects = {

/* Begin PBXBuildFile section */
		C2A28EC9250C489200467442 /* AppDelegate.swift in Sources */ = {isa = PBXBuildFile; fileRef = C2A28EC8250C489200467442 /* AppDelegate.swift */; };
		C2A28ECB250C489200467442 /* SceneDelegate.swift in Sources */ = {isa = PBXBuildFile; fileRef = C2A28ECA250C489200467442 /* SceneDelegate.swift */; };
		C2A28ECD250C489200467442 /* ViewController.swift in Sources */ = {isa = PBXBuildFile; fileRef = C2A28ECC250C489200467442 /* ViewController.swift */; };
		C2A28ED0250C489200467442 /* Main.storyboard in Resources */ = {isa = PBXBuildFile; fileRef = C2A28ECE250C489200467442 /* Main.storyboard */; };
		C2A28ED2250C489400467442 /* Assets.xcassets in Resources */ = {isa = PBXBuildFile; fileRef = C2A28ED1250C489400467442 /* Assets.xcassets */; };
		C2A28ED5250C489400467442 /* LaunchScreen.storyboard in Resources */ = {isa = PBXBuildFile; fileRef = C2A28ED3250C489400467442 /* LaunchScreen.storyboard */; };
		C2FCBC4F250C6A1E00FD809E /* QuestionViewController.swift in Sources */ = {isa = PBXBuildFile; fileRef = C2FCBC4E250C6A1E00FD809E /* QuestionViewController.swift */; };
		C2FCBC51250C9B9500FD809E /* topViewController.swift in Sources */ = {isa = PBXBuildFile; fileRef = C2FCBC50250C9B9500FD809E /* topViewController.swift */; };
		C2FCBC53250CA80D00FD809E /* ResultViewController.swift in Sources */ = {isa = PBXBuildFile; fileRef = C2FCBC52250CA80D00FD809E /* ResultViewController.swift */; };
/* End PBXBuildFile section */

/* Begin PBXFileReference section */
		C2A28EC5250C489200467442 /* marubatuApp.app */ = {isa = PBXFileReference; explicitFileType = wrapper.application; includeInIndex = 0; path = marubatuApp.app; sourceTree = BUILT_PRODUCTS_DIR; };
		C2A28EC8250C489200467442 /* AppDelegate.swift */ = {isa = PBXFileReference; lastKnownFileType = sourcecode.swift; path = AppDelegate.swift; sourceTree = "<group>"; };
		C2A28ECA250C489200467442 /* SceneDelegate.swift */ = {isa = PBXFileReference; lastKnownFileType = sourcecode.swift; path = SceneDelegate.swift; sourceTree = "<group>"; };
		C2A28ECC250C489200467442 /* ViewController.swift */ = {isa = PBXFileReference; lastKnownFileType = sourcecode.swift; path = ViewController.swift; sourceTree = "<group>"; };
		C2A28ECF250C489200467442 /* Base */ = {isa = PBXFileReference; lastKnownFileType = file.storyboard; name = Base; path = Base.lproj/Main.storyboard; sourceTree = "<group>"; };
		C2A28ED1250C489400467442 /* Assets.xcassets */ = {isa = PBXFileReference; lastKnownFileType = folder.assetcatalog; path = Assets.xcassets; sourceTree = "<group>"; };
		C2A28ED4250C489400467442 /* Base */ = {isa = PBXFileReference; lastKnownFileType = file.storyboard; name = Base; path = Base.lproj/LaunchScreen.storyboard; sourceTree = "<group>"; };
		C2A28ED6250C489400467442 /* Info.plist */ = {isa = PBXFileReference; lastKnownFileType = text.plist.xml; path = Info.plist; sourceTree = "<group>"; };
		C2FCBC4E250C6A1E00FD809E /* QuestionViewController.swift */ = {isa = PBXFileReference; lastKnownFileType = sourcecode.swift; path = QuestionViewController.swift; sourceTree = "<group>"; };
		C2FCBC50250C9B9500FD809E /* topViewController.swift */ = {isa = PBXFileReference; lastKnownFileType = sourcecode.swift; path = topViewController.swift; sourceTree = "<group>"; };
		C2FCBC52250CA80D00FD809E /* ResultViewController.swift */ = {isa = PBXFileReference; lastKnownFileType = sourcecode.swift; path = ResultViewController.swift; sourceTree = "<group>"; };
/* End PBXFileReference section */

/* Begin PBXFrameworksBuildPhase section */
		C2A28EC2250C489200467442 /* Frameworks */ = {
			isa = PBXFrameworksBuildPhase;
			buildActionMask = 2147483647;
			files = (
			);
			runOnlyForDeploymentPostprocessing = 0;
		};
/* End PBXFrameworksBuildPhase section */

/* Begin PBXGroup section */
		C2A28EBC250C489200467442 = {
			isa = PBXGroup;
			children = (
				C2A28EC7250C489200467442 /* marubatuApp */,
				C2A28EC6250C489200467442 /* Products */,
			);
			sourceTree = "<group>";
		};
		C2A28EC6250C489200467442 /* Products */ = {
			isa = PBXGroup;
			children = (
				C2A28EC5250C489200467442 /* marubatuApp.app */,
			);
			name = Products;
			sourceTree = "<group>";
		};
		C2A28EC7250C489200467442 /* marubatuApp */ = {
			isa = PBXGroup;
			children = (
				C2A28EC8250C489200467442 /* AppDelegate.swift */,
				C2A28ECA250C489200467442 /* SceneDelegate.swift */,
				C2A28ECC250C489200467442 /* ViewController.swift */,
				C2FCBC4E250C6A1E00FD809E /* QuestionViewController.swift */,
				C2FCBC50250C9B9500FD809E /* topViewController.swift */,
				C2FCBC52250CA80D00FD809E /* ResultViewController.swift */,
				C2A28ECE250C489200467442 /* Main.storyboard */,
				C2A28ED1250C489400467442 /* Assets.xcassets */,
				C2A28ED3250C489400467442 /* LaunchScreen.storyboard */,
				C2A28ED6250C489400467442 /* Info.plist */,
			);
			path = marubatuApp;
			sourceTree = "<group>";
		};
/* End PBXGroup section */

/* Begin PBXNativeTarget section */
		C2A28EC4250C489200467442 /* marubatuApp */ = {
			isa = PBXNativeTarget;
			buildConfigurationList = C2A28ED9250C489400467442 /* Build configuration list for PBXNativeTarget "marubatuApp" */;
			buildPhases = (
				C2A28EC1250C489200467442 /* Sources */,
				C2A28EC2250C489200467442 /* Frameworks */,
				C2A28EC3250C489200467442 /* Resources */,
			);
			buildRules = (
			);
			dependencies = (
			);
			name = marubatuApp;
			productName = marubatuApp;
			productReference = C2A28EC5250C489200467442 /* marubatuApp.app */;
			productType = "com.apple.product-type.application";
		};
/* End PBXNativeTarget section */

/* Begin PBXProject section */
		C2A28EBD250C489200467442 /* Project object */ = {
			isa = PBXProject;
			attributes = {
				LastSwiftUpdateCheck = 1170;
				LastUpgradeCheck = 1170;
				ORGANIZATIONNAME = kwdaaa.com;
				TargetAttributes = {
					C2A28EC4250C489200467442 = {
						CreatedOnToolsVersion = 11.7;
					};
				};
			};
			buildConfigurationList = C2A28EC0250C489200467442 /* Build configuration list for PBXProject "marubatuApp" */;
			compatibilityVersion = "Xcode 9.3";
			developmentRegion = en;
			hasScannedForEncodings = 0;
			knownRegions = (
				en,
				Base,
			);
			mainGroup = C2A28EBC250C489200467442;
			productRefGroup = C2A28EC6250C489200467442 /* Products */;
			projectDirPath = "";
			projectRoot = "";
			targets = (
				C2A28EC4250C489200467442 /* marubatuApp */,
			);
		};
/* End PBXProject section */

/* Begin PBXResourcesBuildPhase section */
		C2A28EC3250C489200467442 /* Resources */ = {
			isa = PBXResourcesBuildPhase;
			buildActionMask = 2147483647;
			files = (
				C2A28ED5250C489400467442 /* LaunchScreen.storyboard in Resources */,
				C2A28ED2250C489400467442 /* Assets.xcassets in Resources */,
				C2A28ED0250C489200467442 /* Main.storyboard in Resources */,
			);
			runOnlyForDeploymentPostprocessing = 0;
		};
/* End PBXResourcesBuildPhase section */

/* Begin PBXSourcesBuildPhase section */
		C2A28EC1250C489200467442 /* Sources */ = {
			isa = PBXSourcesBuildPhase;
			buildActionMask = 2147483647;
			files = (
				C2A28ECD250C489200467442 /* ViewController.swift in Sources */,
				C2FCBC51250C9B9500FD809E /* topViewController.swift in Sources */,
				C2A28EC9250C489200467442 /* AppDelegate.swift in Sources */,
				C2FCBC4F250C6A1E00FD809E /* QuestionViewController.swift in Sources */,
				C2A28ECB250C489200467442 /* SceneDelegate.swift in Sources */,
				C2FCBC53250CA80D00FD809E /* ResultViewController.swift in Sources */,
			);
			runOnlyForDeploymentPostprocessing = 0;
		};
/* End PBXSourcesBuildPhase section */

/* Begin PBXVariantGroup section */
		C2A28ECE250C489200467442 /* Main.storyboard */ = {
			isa = PBXVariantGroup;
			children = (
				C2A28ECF250C489200467442 /* Base */,
			);
			name = Main.storyboard;
			sourceTree = "<group>";
		};
		C2A28ED3250C489400467442 /* LaunchScreen.storyboard */ = {
			isa = PBXVariantGroup;
			children = (
				C2A28ED4250C489400467442 /* Base */,
			);
			name = LaunchScreen.storyboard;
			sourceTree = "<group>";
		};
/* End PBXVariantGroup section */

/* Begin XCBuildConfiguration section */
		C2A28ED7250C489400467442 /* Debug */ = {
			isa = XCBuildConfiguration;
			buildSettings = {
				ALWAYS_SEARCH_USER_PATHS = NO;
				CLANG_ANALYZER_NONNULL = YES;
				CLANG_ANALYZER_NUMBER_OBJECT_CONVERSION = YES_AGGRESSIVE;
				CLANG_CXX_LANGUAGE_STANDARD = "gnu++14";
				CLANG_CXX_LIBRARY = "libc++";
				CLANG_ENABLE_MODULES = YES;
				CLANG_ENABLE_OBJC_ARC = YES;
				CLANG_ENABLE_OBJC_WEAK = YES;
				CLANG_WARN_BLOCK_CAPTURE_AUTORELEASING = YES;
				CLANG_WARN_BOOL_CONVERSION = YES;
				CLANG_WARN_COMMA = YES;
				CLANG_WARN_CONSTANT_CONVERSION = YES;
				CLANG_WARN_DEPRECATED_OBJC_IMPLEMENTATIONS = YES;
				CLANG_WARN_DIRECT_OBJC_ISA_USAGE = YES_ERROR;
				CLANG_WARN_DOCUMENTATION_COMMENTS = YES;
				CLANG_WARN_EMPTY_BODY = YES;
				CLANG_WARN_ENUM_CONVERSION = YES;
				CLANG_WARN_INFINITE_RECURSION = YES;
				CLANG_WARN_INT_CONVERSION = YES;
				CLANG_WARN_NON_LITERAL_NULL_CONVERSION = YES;
				CLANG_WARN_OBJC_IMPLICIT_RETAIN_SELF = YES;
				CLANG_WARN_OBJC_LITERAL_CONVERSION = YES;
				CLANG_WARN_OBJC_ROOT_CLASS = YES_ERROR;
				CLANG_WARN_RANGE_LOOP_ANALYSIS = YES;
				CLANG_WARN_STRICT_PROTOTYPES = YES;
				CLANG_WARN_SUSPICIOUS_MOVE = YES;
				CLANG_WARN_UNGUARDED_AVAILABILITY = YES_AGGRESSIVE;
				CLANG_WARN_UNREACHABLE_CODE = YES;
				CLANG_WARN__DUPLICATE_METHOD_MATCH = YES;
				COPY_PHASE_STRIP = NO;
				DEBUG_INFORMATION_FORMAT = dwarf;
				ENABLE_STRICT_OBJC_MSGSEND = YES;
				ENABLE_TESTABILITY = YES;
				GCC_C_LANGUAGE_STANDARD = gnu11;
				GCC_DYNAMIC_NO_PIC = NO;
				GCC_NO_COMMON_BLOCKS = YES;
				GCC_OPTIMIZATION_LEVEL = 0;
				GCC_PREPROCESSOR_DEFINITIONS = (
					"DEBUG=1",
					"$(inherited)",
				);
				GCC_WARN_64_TO_32_BIT_CONVERSION = YES;
				GCC_WARN_ABOUT_RETURN_TYPE = YES_ERROR;
				GCC_WARN_UNDECLARED_SELECTOR = YES;
				GCC_WARN_UNINITIALIZED_AUTOS = YES_AGGRESSIVE;
				GCC_WARN_UNUSED_FUNCTION = YES;
				GCC_WARN_UNUSED_VARIABLE = YES;
				IPHONEOS_DEPLOYMENT_TARGET = 13.7;
				MTL_ENABLE_DEBUG_INFO = INCLUDE_SOURCE;
				MTL_FAST_MATH = YES;
				ONLY_ACTIVE_ARCH = YES;
				SDKROOT = iphoneos;
				SWIFT_ACTIVE_COMPILATION_CONDITIONS = DEBUG;
				SWIFT_OPTIMIZATION_LEVEL = "-Onone";
			};
			name = Debug;
		};
		C2A28ED8250C489400467442 /* Release */ = {
			isa = XCBuildConfiguration;
			buildSettings = {
				ALWAYS_SEARCH_USER_PATHS = NO;
				CLANG_ANALYZER_NONNULL = YES;
				CLANG_ANALYZER_NUMBER_OBJECT_CONVERSION = YES_AGGRESSIVE;
				CLANG_CXX_LANGUAGE_STANDARD = "gnu++14";
				CLANG_CXX_LIBRARY = "libc++";
				CLANG_ENABLE_MODULES = YES;
				CLANG_ENABLE_OBJC_ARC = YES;
				CLANG_ENABLE_OBJC_WEAK = YES;
				CLANG_WARN_BLOCK_CAPTURE_AUTORELEASING = YES;
				CLANG_WARN_BOOL_CONVERSION = YES;
				CLANG_WARN_COMMA = YES;
				CLANG_WARN_CONSTANT_CONVERSION = YES;
				CLANG_WARN_DEPRECATED_OBJC_IMPLEMENTATIONS = YES;
				CLANG_WARN_DIRECT_OBJC_ISA_USAGE = YES_ERROR;
				CLANG_WARN_DOCUMENTATION_COMMENTS = YES;
				CLANG_WARN_EMPTY_BODY = YES;
				CLANG_WARN_ENUM_CONVERSION = YES;
				CLANG_WARN_INFINITE_RECURSION = YES;
				CLANG_WARN_INT_CONVERSION = YES;
				CLANG_WARN_NON_LITERAL_NULL_CONVERSION = YES;
				CLANG_WARN_OBJC_IMPLICIT_RETAIN_SELF = YES;
				CLANG_WARN_OBJC_LITERAL_CONVERSION = YES;
				CLANG_WARN_OBJC_ROOT_CLASS = YES_ERROR;
				CLANG_WARN_RANGE_LOOP_ANALYSIS = YES;
				CLANG_WARN_STRICT_PROTOTYPES = YES;
				CLANG_WARN_SUSPICIOUS_MOVE = YES;
				CLANG_WARN_UNGUARDED_AVAILABILITY = YES_AGGRESSIVE;
				CLANG_WARN_UNREACHABLE_CODE = YES;
				CLANG_WARN__DUPLICATE_METHOD_MATCH = YES;
				COPY_PHASE_STRIP = NO;
				DEBUG_INFORMATION_FORMAT = "dwarf-with-dsym";
				ENABLE_NS_ASSERTIONS = NO;
				ENABLE_STRICT_OBJC_MSGSEND = YES;
				GCC_C_LANGUAGE_STANDARD = gnu11;
				GCC_NO_COMMON_BLOCKS = YES;
				GCC_WARN_64_TO_32_BIT_CONVERSION = YES;
				GCC_WARN_ABOUT_RETURN_TYPE = YES_ERROR;
				GCC_WARN_UNDECLARED_SELECTOR = YES;
				GCC_WARN_UNINITIALIZED_AUTOS = YES_AGGRESSIVE;
				GCC_WARN_UNUSED_FUNCTION = YES;
				GCC_WARN_UNUSED_VARIABLE = YES;
				IPHONEOS_DEPLOYMENT_TARGET = 13.7;
				MTL_ENABLE_DEBUG_INFO = NO;
				MTL_FAST_MATH = YES;
				SDKROOT = iphoneos;
				SWIFT_COMPILATION_MODE = wholemodule;
				SWIFT_OPTIMIZATION_LEVEL = "-O";
				VALIDATE_PRODUCT = YES;
			};
			name = Release;
		};
		C2A28EDA250C489400467442 /* Debug */ = {
			isa = XCBuildConfiguration;
			buildSettings = {
				ASSETCATALOG_COMPILER_APPICON_NAME = AppIcon;
				CODE_SIGN_STYLE = Automatic;
				INFOPLIST_FILE = marubatuApp/Info.plist;
				LD_RUNPATH_SEARCH_PATHS = (
					"$(inherited)",
					"@executable_path/Frameworks",
				);
				PRODUCT_BUNDLE_IDENTIFIER = com.kwdaaa.marubatuApp;
				PRODUCT_NAME = "$(TARGET_NAME)";
				SWIFT_VERSION = 5.0;
				TARGETED_DEVICE_FAMILY = "1,2";
			};
			name = Debug;
		};
		C2A28EDB250C489400467442 /* Release */ = {
			isa = XCBuildConfiguration;
			buildSettings = {
				ASSETCATALOG_COMPILER_APPICON_NAME = AppIcon;
				CODE_SIGN_STYLE = Automatic;
				INFOPLIST_FILE = marubatuApp/Info.plist;
				LD_RUNPATH_SEARCH_PATHS = (
					"$(inherited)",
					"@executable_path/Frameworks",
				);
				PRODUCT_BUNDLE_IDENTIFIER = com.kwdaaa.marubatuApp;
				PRODUCT_NAME = "$(TARGET_NAME)";
				SWIFT_VERSION = 5.0;
				TARGETED_DEVICE_FAMILY = "1,2";
			};
			name = Release;
		};
/* End XCBuildConfiguration section */

/* Begin XCConfigurationList section */
		C2A28EC0250C489200467442 /* Build configuration list for PBXProject "marubatuApp" */ = {
			isa = XCConfigurationList;
			buildConfigurations = (
				C2A28ED7250C489400467442 /* Debug */,
				C2A28ED8250C489400467442 /* Release */,
			);
			defaultConfigurationIsVisible = 0;
			defaultConfigurationName = Release;
		};
		C2A28ED9250C489400467442 /* Build configuration list for PBXNativeTarget "marubatuApp" */ = {
			isa = XCConfigurationList;
			buildConfigurations = (
				C2A28EDA250C489400467442 /* Debug */,
				C2A28EDB250C489400467442 /* Release */,
			);
			defaultConfigurationIsVisible = 0;
			defaultConfigurationName = Release;
		};
/* End XCConfigurationList section */
	};
	rootObject = C2A28EBD250C489200467442 /* Project object */;
}
